
Microsoft Visual Studio Solution File, Format Version 12.00
# Visual Studio 15
VisualStudioVersion = 15.0.26430.16
MinimumVisualStudioVersion = 10.0.40219.1
Project("{9A19103F-16F7-4668-BE54-9A1E7A4F7556}") = "Brotli-ASP.NET-Core-Compression", "Brotli-ASP.NET-Core-Compression\Brotli-ASP.NET-Core-Compression.csproj", "{FABF9A3D-A219-486C-B912-0B479ECF2208}"
EndProject
Project("{2150E333-8FDC-42A3-9474-1A3956D46DE8}") = "Solution Items", "Solution Items", "{F053F5A9-7BA6-4C62-A76A-2B4515EC4DBD}"
EndProject
Global
	GlobalSection(SolutionConfigurationPlatforms) = preSolution
		Debug|Any CPU = Debug|Any CPU
		Release|Any CPU = Release|Any CPU
	EndGlobalSection
	GlobalSection(ProjectConfigurationPlatforms) = postSolution
		{FABF9A3D-A219-486C-B912-0B479ECF2208}.Debug|Any CPU.ActiveCfg = Debug|Any CPU
		{FABF9A3D-A219-486C-B912-0B479ECF2208}.Debug|Any CPU.Build.0 = Debug|Any CPU
		{FABF9A3D-A219-486C-B912-0B479ECF2208}.Release|Any CPU.ActiveCfg = Release|Any CPU
		{FABF9A3D-A219-486C-B912-0B479ECF2208}.Release|Any CPU.Build.0 = Release|Any CPU
	EndGlobalSection
	GlobalSection(SolutionProperties) = preSolution
		HideSolutionNode = FALSE
	EndGlobalSection
	GlobalSection(ExtensibilityGlobals) = postSolution
		SolutionGuid = {52A2F458-AA34-48D6-9CFE-50DF686C8ABD}
	EndGlobalSection
EndGlobal
